<?xml version="1.0" encoding="UTF-8"?>
<!DOCTYPE plist PUBLIC "-//Apple//DTD PLIST 1.0//EN" "http://www.apple.com/DTDs/PropertyList-1.0.dtd">
<plist version="1.0">
<dict>
	<key>archiveVersion</key>
	<string>1</string>
	<key>classes</key>
	<dict/>
	<key>objectVersion</key>
	<string>46</string>
	<key>objects</key>
	<dict>
		<key>051CB40764C148F2A7C6BDC5</key>
		<dict>
			<key>buildActionMask</key>
			<string>2147483647</string>
			<key>files</key>
			<array/>
			<key>inputPaths</key>
			<array/>
			<key>isa</key>
			<string>PBXShellScriptBuildPhase</string>
			<key>name</key>
			<string>Check Pods Manifest.lock</string>
			<key>outputPaths</key>
			<array/>
			<key>runOnlyForDeploymentPostprocessing</key>
			<string>0</string>
			<key>shellPath</key>
			<string>/bin/sh</string>
			<key>shellScript</key>
			<string>diff "${PODS_ROOT}/../Podfile.lock" "${PODS_ROOT}/Manifest.lock" &gt; /dev/null
if [[ $? != 0 ]] ; then
    cat &lt;&lt; EOM
error: The sandbox is not in sync with the Podfile.lock. Run 'pod install' or update your CocoaPods installation.
EOM
    exit 1
fi
</string>
			<key>showEnvVarsInLog</key>
			<string>0</string>
		</dict>
		<key>0D00771819C820C5006EEAE7</key>
		<dict>
			<key>fileEncoding</key>
			<string>4</string>
			<key>isa</key>
			<string>PBXFileReference</string>
			<key>lastKnownFileType</key>
			<string>sourcecode.swift</string>
			<key>path</key>
			<string>PostViewController.swift</string>
			<key>sourceTree</key>
			<string>&lt;group&gt;</string>
		</dict>
		<key>0D00771919C820C5006EEAE7</key>
		<dict>
			<key>fileRef</key>
			<string>0D00771819C820C5006EEAE7</string>
			<key>isa</key>
			<string>PBXBuildFile</string>
		</dict>
		<key>0D00771A19C94B3A006EEAE7</key>
		<dict>
			<key>fileEncoding</key>
			<string>4</string>
			<key>isa</key>
			<string>PBXFileReference</string>
			<key>lastKnownFileType</key>
			<string>sourcecode.swift</string>
			<key>path</key>
			<string>LoginViewController.swift</string>
			<key>sourceTree</key>
			<string>&lt;group&gt;</string>
		</dict>
		<key>0D00771B19C94B3A006EEAE7</key>
		<dict>
			<key>fileRef</key>
			<string>0D00771A19C94B3A006EEAE7</string>
			<key>isa</key>
			<string>PBXBuildFile</string>
		</dict>
		<key>0D00771C19C94B50006EEAE7</key>
		<dict>
			<key>fileEncoding</key>
			<string>4</string>
			<key>isa</key>
			<string>PBXFileReference</string>
			<key>lastKnownFileType</key>
			<string>sourcecode.swift</string>
			<key>path</key>
			<string>SignUpViewController.swift</string>
			<key>sourceTree</key>
			<string>&lt;group&gt;</string>
		</dict>
		<key>0D00771D19C94B50006EEAE7</key>
		<dict>
			<key>fileRef</key>
			<string>0D00771C19C94B50006EEAE7</string>
			<key>isa</key>
			<string>PBXBuildFile</string>
		</dict>
		<key>0D00772019C9537B006EEAE7</key>
		<dict>
			<key>fileEncoding</key>
			<string>4</string>
			<key>isa</key>
			<string>PBXFileReference</string>
			<key>lastKnownFileType</key>
			<string>sourcecode.swift</string>
			<key>path</key>
			<string>Constants.swift</string>
			<key>sourceTree</key>
			<string>&lt;group&gt;</string>
		</dict>
		<key>0D00772119C9537B006EEAE7</key>
		<dict>
			<key>fileEncoding</key>
			<string>4</string>
			<key>isa</key>
			<string>PBXFileReference</string>
			<key>lastKnownFileType</key>
			<string>sourcecode.swift</string>
			<key>path</key>
			<string>Helpers.swift</string>
			<key>sourceTree</key>
			<string>&lt;group&gt;</string>
		</dict>
		<key>0D00772219C9537B006EEAE7</key>
		<dict>
			<key>fileEncoding</key>
			<string>4</string>
			<key>isa</key>
			<string>PBXFileReference</string>
			<key>lastKnownFileType</key>
			<string>sourcecode.swift</string>
			<key>path</key>
			<string>User.swift</string>
			<key>sourceTree</key>
			<string>&lt;group&gt;</string>
		</dict>
		<key>0D00772319C9537B006EEAE7</key>
		<dict>
			<key>fileRef</key>
			<string>0D00772019C9537B006EEAE7</string>
			<key>isa</key>
			<string>PBXBuildFile</string>
		</dict>
		<key>0D00772419C9537B006EEAE7</key>
		<dict>
			<key>fileRef</key>
			<string>0D00772119C9537B006EEAE7</string>
			<key>isa</key>
			<string>PBXBuildFile</string>
		</dict>
		<key>0D00772519C9537B006EEAE7</key>
		<dict>
			<key>fileRef</key>
			<string>0D00772219C9537B006EEAE7</string>
			<key>isa</key>
			<string>PBXBuildFile</string>
		</dict>
		<key>0D00772619C9538C006EEAE7</key>
		<dict>
			<key>children</key>
			<array>
				<string>0D00772219C9537B006EEAE7</string>
				<string>9AC78BD219D8B6B800B294DC</string>
				<string>9AC78BD419D8B6CA00B294DC</string>
				<string>9AE3CF1719D93399007850EC</string>
			</array>
			<key>isa</key>
			<string>PBXGroup</string>
			<key>name</key>
			<string>Model</string>
			<key>sourceTree</key>
			<string>&lt;group&gt;</string>
		</dict>
		<key>0D00772719C95398006EEAE7</key>
		<dict>
			<key>children</key>
			<array>
				<string>0D00772019C9537B006EEAE7</string>
				<string>0D00772119C9537B006EEAE7</string>
				<string>9A75906B19DD1B0E00ADCAB4</string>
			</array>
			<key>isa</key>
			<string>PBXGroup</string>
			<key>name</key>
			<string>Helper</string>
			<key>sourceTree</key>
			<string>&lt;group&gt;</string>
		</dict>
		<key>0D2D7DFB19B51818007CCCED</key>
		<dict>
			<key>isa</key>
			<string>PBXFileReference</string>
			<key>lastKnownFileType</key>
			<string>sourcecode.c.h</string>
			<key>path</key>
			<string>CircleShop-Bridging-Header.h</string>
			<key>sourceTree</key>
			<string>&lt;group&gt;</string>
		</dict>
		<key>0D5583DA19B426C9001AF800</key>
		<dict>
			<key>children</key>
			<array>
				<string>9AE3CF1619D8CAA5007850EC</string>
				<string>0D5583E519B426CA001AF800</string>
				<string>0D5583FA19B426CA001AF800</string>
				<string>0D5583E419B426CA001AF800</string>
				<string>0F272AD862C14797B95FE702</string>
				<string>6F16C70FC8B367D2FDE13015</string>
			</array>
			<key>isa</key>
			<string>PBXGroup</string>
			<key>sourceTree</key>
			<string>&lt;group&gt;</string>
		</dict>
		<key>0D5583DB19B426C9001AF800</key>
		<dict>
			<key>attributes</key>
			<dict>
				<key>LastUpgradeCheck</key>
				<string>0600</string>
				<key>ORGANIZATIONNAME</key>
				<string>yue zheng</string>
				<key>TargetAttributes</key>
				<dict>
					<key>0D5583E219B426CA001AF800</key>
					<dict>
						<key>CreatedOnToolsVersion</key>
						<string>6.0</string>
						<key>SystemCapabilities</key>
						<dict>
							<key>com.apple.Maps.iOS</key>
							<dict>
								<key>enabled</key>
								<string>1</string>
							</dict>
						</dict>
					</dict>
					<key>0D5583F619B426CA001AF800</key>
					<dict>
						<key>CreatedOnToolsVersion</key>
						<string>6.0</string>
						<key>TestTargetID</key>
						<string>0D5583E219B426CA001AF800</string>
					</dict>
				</dict>
			</dict>
			<key>buildConfigurationList</key>
			<string>0D5583DE19B426CA001AF800</string>
			<key>compatibilityVersion</key>
			<string>Xcode 3.2</string>
			<key>developmentRegion</key>
			<string>English</string>
			<key>hasScannedForEncodings</key>
			<string>0</string>
			<key>isa</key>
			<string>PBXProject</string>
			<key>knownRegions</key>
			<array>
				<string>en</string>
				<string>Base</string>
			</array>
			<key>mainGroup</key>
			<string>0D5583DA19B426C9001AF800</string>
			<key>productRefGroup</key>
			<string>0D5583E419B426CA001AF800</string>
			<key>projectDirPath</key>
			<string></string>
			<key>projectReferences</key>
			<array/>
			<key>projectRoot</key>
			<string></string>
			<key>targets</key>
			<array>
				<string>0D5583E219B426CA001AF800</string>
				<string>0D5583F619B426CA001AF800</string>
			</array>
		</dict>
		<key>0D5583DE19B426CA001AF800</key>
		<dict>
			<key>buildConfigurations</key>
			<array>
				<string>0D5583FF19B426CA001AF800</string>
				<string>0D55840019B426CA001AF800</string>
			</array>
			<key>defaultConfigurationIsVisible</key>
			<string>0</string>
			<key>defaultConfigurationName</key>
			<string>Release</string>
			<key>isa</key>
			<string>XCConfigurationList</string>
		</dict>
		<key>0D5583DF19B426CA001AF800</key>
		<dict>
			<key>buildActionMask</key>
			<string>2147483647</string>
			<key>files</key>
			<array>
				<string>0D00771919C820C5006EEAE7</string>
				<string>9AE3CF1819D93399007850EC</string>
				<string>0DED5ABB19C4380300DCBA9A</string>
				<string>9AC78BD319D8B6B800B294DC</string>
				<string>0DC817DE19D762DE00FA8151</string>
				<string>0D942CB019F614D300E230EE</string>
				<string>0D55DC4D19C44F68005C86BE</string>
				<string>0D601DB119C433CA00BA9E17</string>
				<string>0D00772319C9537B006EEAE7</string>
				<string>0D942CAE19F614A300E230EE</string>
				<string>0D5583E919B426CA001AF800</string>
				<string>0D00771D19C94B50006EEAE7</string>
				<string>0D89514919D324CC007A8081</string>
				<string>0D00772419C9537B006EEAE7</string>
				<string>0D5583EB19B426CA001AF800</string>
				<string>0D89514B19D32AEF007A8081</string>
				<string>9AC78BD519D8B6CA00B294DC</string>
				<string>0D00772519C9537B006EEAE7</string>
				<string>9A75906C19DD1B0E00ADCAB4</string>
				<string>0D55DC5119C68B9B005C86BE</string>
				<string>0D00771B19C94B3A006EEAE7</string>
			</array>
			<key>isa</key>
			<string>PBXSourcesBuildPhase</string>
			<key>runOnlyForDeploymentPostprocessing</key>
			<string>0</string>
		</dict>
		<key>0D5583E019B426CA001AF800</key>
		<dict>
			<key>buildActionMask</key>
			<string>2147483647</string>
			<key>files</key>
			<array>
				<string>0DC817E219D76F5400FA8151</string>
				<string>0DC817E019D76A6A00FA8151</string>
				<string>45EAF2C5431743E8BE6B798C</string>
			</array>
			<key>isa</key>
			<string>PBXFrameworksBuildPhase</string>
			<key>runOnlyForDeploymentPostprocessing</key>
			<string>0</string>
		</dict>
		<key>0D5583E119B426CA001AF800</key>
		<dict>
			<key>buildActionMask</key>
			<string>2147483647</string>
			<key>files</key>
			<array>
				<string>0D55DC4F19C68A08005C86BE</string>
				<string>0D5583F019B426CA001AF800</string>
				<string>0D5583F219B426CA001AF800</string>
			</array>
			<key>isa</key>
			<string>PBXResourcesBuildPhase</string>
			<key>runOnlyForDeploymentPostprocessing</key>
			<string>0</string>
		</dict>
		<key>0D5583E219B426CA001AF800</key>
		<dict>
			<key>buildConfigurationList</key>
			<string>0D55840119B426CA001AF800</string>
			<key>buildPhases</key>
			<array>
				<string>051CB40764C148F2A7C6BDC5</string>
				<string>0D5583DF19B426CA001AF800</string>
				<string>0D5583E019B426CA001AF800</string>
				<string>0D5583E119B426CA001AF800</string>
				<string>2CFF2404CC3E4BF29F05DAB0</string>
			</array>
			<key>buildRules</key>
			<array/>
			<key>dependencies</key>
			<array/>
			<key>isa</key>
			<string>PBXNativeTarget</string>
			<key>name</key>
			<string>CircleShop</string>
			<key>productName</key>
			<string>CircleShop</string>
			<key>productReference</key>
			<string>0D5583E319B426CA001AF800</string>
			<key>productType</key>
			<string>com.apple.product-type.application</string>
		</dict>
		<key>0D5583E319B426CA001AF800</key>
		<dict>
			<key>explicitFileType</key>
			<string>wrapper.application</string>
			<key>includeInIndex</key>
			<string>0</string>
			<key>isa</key>
			<string>PBXFileReference</string>
			<key>path</key>
			<string>CircleShop.app</string>
			<key>sourceTree</key>
			<string>BUILT_PRODUCTS_DIR</string>
		</dict>
		<key>0D5583E419B426CA001AF800</key>
		<dict>
			<key>children</key>
			<array>
				<string>0D5583E319B426CA001AF800</string>
				<string>0D5583F719B426CA001AF800</string>
			</array>
			<key>isa</key>
			<string>PBXGroup</string>
			<key>name</key>
			<string>Products</string>
			<key>sourceTree</key>
			<string>&lt;group&gt;</string>
		</dict>
		<key>0D5583E519B426CA001AF800</key>
		<dict>
			<key>children</key>
			<array>
				<string>0D55DC4E19C68A08005C86BE</string>
				<string>0D00772719C95398006EEAE7</string>
				<string>0D00772619C9538C006EEAE7</string>
				<string>0D601DB219C433F900BA9E17</string>
				<string>0D5583E819B426CA001AF800</string>
				<string>0D5583EE19B426CA001AF800</string>
				<string>0D5583F119B426CA001AF800</string>
				<string>0D5583E619B426CA001AF800</string>
				<string>0D2D7DFB19B51818007CCCED</string>
			</array>
			<key>isa</key>
			<string>PBXGroup</string>
			<key>path</key>
			<string>CircleShop</string>
			<key>sourceTree</key>
			<string>&lt;group&gt;</string>
		</dict>
		<key>0D5583E619B426CA001AF800</key>
		<dict>
			<key>children</key>
			<array>
				<string>0D5583E719B426CA001AF800</string>
			</array>
			<key>isa</key>
			<string>PBXGroup</string>
			<key>name</key>
			<string>Supporting Files</string>
			<key>sourceTree</key>
			<string>&lt;group&gt;</string>
		</dict>
		<key>0D5583E719B426CA001AF800</key>
		<dict>
			<key>isa</key>
			<string>PBXFileReference</string>
			<key>lastKnownFileType</key>
			<string>text.plist.xml</string>
			<key>path</key>
			<string>Info.plist</string>
			<key>sourceTree</key>
			<string>&lt;group&gt;</string>
		</dict>
		<key>0D5583E819B426CA001AF800</key>
		<dict>
			<key>isa</key>
			<string>PBXFileReference</string>
			<key>lastKnownFileType</key>
			<string>sourcecode.swift</string>
			<key>path</key>
			<string>AppDelegate.swift</string>
			<key>sourceTree</key>
			<string>&lt;group&gt;</string>
		</dict>
		<key>0D5583E919B426CA001AF800</key>
		<dict>
			<key>fileRef</key>
			<string>0D5583E819B426CA001AF800</string>
			<key>isa</key>
			<string>PBXBuildFile</string>
		</dict>
		<key>0D5583EA19B426CA001AF800</key>
		<dict>
			<key>isa</key>
			<string>PBXFileReference</string>
			<key>lastKnownFileType</key>
			<string>sourcecode.swift</string>
			<key>path</key>
			<string>CircleViewController.swift</string>
			<key>sourceTree</key>
			<string>&lt;group&gt;</string>
		</dict>
		<key>0D5583EB19B426CA001AF800</key>
		<dict>
			<key>fileRef</key>
			<string>0D5583EA19B426CA001AF800</string>
			<key>isa</key>
			<string>PBXBuildFile</string>
		</dict>
		<key>0D5583EE19B426CA001AF800</key>
		<dict>
			<key>children</key>
			<array>
				<string>0D5583EF19B426CA001AF800</string>
			</array>
			<key>isa</key>
			<string>PBXVariantGroup</string>
			<key>name</key>
			<string>Main.storyboard</string>
			<key>sourceTree</key>
			<string>&lt;group&gt;</string>
		</dict>
		<key>0D5583EF19B426CA001AF800</key>
		<dict>
			<key>isa</key>
			<string>PBXFileReference</string>
			<key>lastKnownFileType</key>
			<string>file.storyboard</string>
			<key>name</key>
			<string>Base</string>
			<key>path</key>
			<string>Base.lproj/Main.storyboard</string>
			<key>sourceTree</key>
			<string>&lt;group&gt;</string>
		</dict>
		<key>0D5583F019B426CA001AF800</key>
		<dict>
			<key>fileRef</key>
			<string>0D5583EE19B426CA001AF800</string>
			<key>isa</key>
			<string>PBXBuildFile</string>
		</dict>
		<key>0D5583F119B426CA001AF800</key>
		<dict>
			<key>isa</key>
			<string>PBXFileReference</string>
			<key>lastKnownFileType</key>
			<string>folder.assetcatalog</string>
			<key>path</key>
			<string>Images.xcassets</string>
			<key>sourceTree</key>
			<string>&lt;group&gt;</string>
		</dict>
		<key>0D5583F219B426CA001AF800</key>
		<dict>
			<key>fileRef</key>
			<string>0D5583F119B426CA001AF800</string>
			<key>isa</key>
			<string>PBXBuildFile</string>
		</dict>
		<key>0D5583F319B426CA001AF800</key>
		<dict>
			<key>buildActionMask</key>
			<string>2147483647</string>
			<key>files</key>
			<array>
				<string>0D5583FE19B426CA001AF800</string>
			</array>
			<key>isa</key>
			<string>PBXSourcesBuildPhase</string>
			<key>runOnlyForDeploymentPostprocessing</key>
			<string>0</string>
		</dict>
		<key>0D5583F419B426CA001AF800</key>
		<dict>
			<key>buildActionMask</key>
			<string>2147483647</string>
			<key>files</key>
			<array/>
			<key>isa</key>
			<string>PBXFrameworksBuildPhase</string>
			<key>runOnlyForDeploymentPostprocessing</key>
			<string>0</string>
		</dict>
		<key>0D5583F519B426CA001AF800</key>
		<dict>
			<key>buildActionMask</key>
			<string>2147483647</string>
			<key>files</key>
			<array/>
			<key>isa</key>
			<string>PBXResourcesBuildPhase</string>
			<key>runOnlyForDeploymentPostprocessing</key>
			<string>0</string>
		</dict>
		<key>0D5583F619B426CA001AF800</key>
		<dict>
			<key>buildConfigurationList</key>
			<string>0D55840419B426CA001AF800</string>
			<key>buildPhases</key>
			<array>
				<string>0D5583F319B426CA001AF800</string>
				<string>0D5583F419B426CA001AF800</string>
				<string>0D5583F519B426CA001AF800</string>
			</array>
			<key>buildRules</key>
			<array/>
			<key>dependencies</key>
			<array>
				<string>0D5583F919B426CA001AF800</string>
			</array>
			<key>isa</key>
			<string>PBXNativeTarget</string>
			<key>name</key>
			<string>CircleShopTests</string>
			<key>productName</key>
			<string>CircleShopTests</string>
			<key>productReference</key>
			<string>0D5583F719B426CA001AF800</string>
			<key>productType</key>
			<string>com.apple.product-type.bundle.unit-test</string>
		</dict>
		<key>0D5583F719B426CA001AF800</key>
		<dict>
			<key>explicitFileType</key>
			<string>wrapper.cfbundle</string>
			<key>includeInIndex</key>
			<string>0</string>
			<key>isa</key>
			<string>PBXFileReference</string>
			<key>path</key>
			<string>CircleShopTests.xctest</string>
			<key>sourceTree</key>
			<string>BUILT_PRODUCTS_DIR</string>
		</dict>
		<key>0D5583F819B426CA001AF800</key>
		<dict>
			<key>containerPortal</key>
			<string>0D5583DB19B426C9001AF800</string>
			<key>isa</key>
			<string>PBXContainerItemProxy</string>
			<key>proxyType</key>
			<string>1</string>
			<key>remoteGlobalIDString</key>
			<string>0D5583E219B426CA001AF800</string>
			<key>remoteInfo</key>
			<string>CircleShop</string>
		</dict>
		<key>0D5583F919B426CA001AF800</key>
		<dict>
			<key>isa</key>
			<string>PBXTargetDependency</string>
			<key>target</key>
			<string>0D5583E219B426CA001AF800</string>
			<key>targetProxy</key>
			<string>0D5583F819B426CA001AF800</string>
		</dict>
		<key>0D5583FA19B426CA001AF800</key>
		<dict>
			<key>children</key>
			<array>
				<string>0D5583FD19B426CA001AF800</string>
				<string>0D5583FB19B426CA001AF800</string>
			</array>
			<key>isa</key>
			<string>PBXGroup</string>
			<key>path</key>
			<string>CircleShopTests</string>
			<key>sourceTree</key>
			<string>&lt;group&gt;</string>
		</dict>
		<key>0D5583FB19B426CA001AF800</key>
		<dict>
			<key>children</key>
			<array>
				<string>0D5583FC19B426CA001AF800</string>
			</array>
			<key>isa</key>
			<string>PBXGroup</string>
			<key>name</key>
			<string>Supporting Files</string>
			<key>sourceTree</key>
			<string>&lt;group&gt;</string>
		</dict>
		<key>0D5583FC19B426CA001AF800</key>
		<dict>
			<key>isa</key>
			<string>PBXFileReference</string>
			<key>lastKnownFileType</key>
			<string>text.plist.xml</string>
			<key>path</key>
			<string>Info.plist</string>
			<key>sourceTree</key>
			<string>&lt;group&gt;</string>
		</dict>
		<key>0D5583FD19B426CA001AF800</key>
		<dict>
			<key>isa</key>
			<string>PBXFileReference</string>
			<key>lastKnownFileType</key>
			<string>sourcecode.swift</string>
			<key>path</key>
			<string>CircleShopTests.swift</string>
			<key>sourceTree</key>
			<string>&lt;group&gt;</string>
		</dict>
		<key>0D5583FE19B426CA001AF800</key>
		<dict>
			<key>fileRef</key>
			<string>0D5583FD19B426CA001AF800</string>
			<key>isa</key>
			<string>PBXBuildFile</string>
		</dict>
		<key>0D5583FF19B426CA001AF800</key>
		<dict>
			<key>buildSettings</key>
			<dict>
				<key>ALWAYS_SEARCH_USER_PATHS</key>
				<string>NO</string>
				<key>CLANG_CXX_LANGUAGE_STANDARD</key>
				<string>gnu++0x</string>
				<key>CLANG_CXX_LIBRARY</key>
				<string>libc++</string>
				<key>CLANG_ENABLE_MODULES</key>
				<string>YES</string>
				<key>CLANG_ENABLE_OBJC_ARC</key>
				<string>YES</string>
				<key>CLANG_WARN_BOOL_CONVERSION</key>
				<string>YES</string>
				<key>CLANG_WARN_CONSTANT_CONVERSION</key>
				<string>YES</string>
				<key>CLANG_WARN_DIRECT_OBJC_ISA_USAGE</key>
				<string>YES_ERROR</string>
				<key>CLANG_WARN_EMPTY_BODY</key>
				<string>YES</string>
				<key>CLANG_WARN_ENUM_CONVERSION</key>
				<string>YES</string>
				<key>CLANG_WARN_INT_CONVERSION</key>
				<string>YES</string>
				<key>CLANG_WARN_OBJC_ROOT_CLASS</key>
				<string>YES_ERROR</string>
				<key>CLANG_WARN_UNREACHABLE_CODE</key>
				<string>YES</string>
				<key>CLANG_WARN__DUPLICATE_METHOD_MATCH</key>
				<string>YES</string>
				<key>CODE_SIGN_IDENTITY[sdk=iphoneos*]</key>
				<string>iPhone Developer</string>
				<key>COPY_PHASE_STRIP</key>
				<string>NO</string>
				<key>ENABLE_STRICT_OBJC_MSGSEND</key>
				<string>YES</string>
				<key>GCC_C_LANGUAGE_STANDARD</key>
				<string>gnu99</string>
				<key>GCC_DYNAMIC_NO_PIC</key>
				<string>NO</string>
				<key>GCC_OPTIMIZATION_LEVEL</key>
				<string>0</string>
				<key>GCC_PREPROCESSOR_DEFINITIONS</key>
				<array>
					<string>DEBUG=1</string>
					<string>$(inherited)</string>
				</array>
				<key>GCC_SYMBOLS_PRIVATE_EXTERN</key>
				<string>NO</string>
				<key>GCC_WARN_64_TO_32_BIT_CONVERSION</key>
				<string>YES</string>
				<key>GCC_WARN_ABOUT_RETURN_TYPE</key>
				<string>YES_ERROR</string>
				<key>GCC_WARN_UNDECLARED_SELECTOR</key>
				<string>YES</string>
				<key>GCC_WARN_UNINITIALIZED_AUTOS</key>
				<string>YES_AGGRESSIVE</string>
				<key>GCC_WARN_UNUSED_FUNCTION</key>
				<string>YES</string>
				<key>GCC_WARN_UNUSED_VARIABLE</key>
				<string>YES</string>
				<key>IPHONEOS_DEPLOYMENT_TARGET</key>
				<string>8.0</string>
				<key>MTL_ENABLE_DEBUG_INFO</key>
				<string>YES</string>
				<key>ONLY_ACTIVE_ARCH</key>
				<string>YES</string>
				<key>SDKROOT</key>
				<string>iphoneos</string>
				<key>SWIFT_OPTIMIZATION_LEVEL</key>
				<string>-Onone</string>
				<key>TARGETED_DEVICE_FAMILY</key>
				<string>1,2</string>
			</dict>
			<key>isa</key>
			<string>XCBuildConfiguration</string>
			<key>name</key>
			<string>Debug</string>
		</dict>
		<key>0D55840019B426CA001AF800</key>
		<dict>
			<key>buildSettings</key>
			<dict>
				<key>ALWAYS_SEARCH_USER_PATHS</key>
				<string>NO</string>
				<key>CLANG_CXX_LANGUAGE_STANDARD</key>
				<string>gnu++0x</string>
				<key>CLANG_CXX_LIBRARY</key>
				<string>libc++</string>
				<key>CLANG_ENABLE_MODULES</key>
				<string>YES</string>
				<key>CLANG_ENABLE_OBJC_ARC</key>
				<string>YES</string>
				<key>CLANG_WARN_BOOL_CONVERSION</key>
				<string>YES</string>
				<key>CLANG_WARN_CONSTANT_CONVERSION</key>
				<string>YES</string>
				<key>CLANG_WARN_DIRECT_OBJC_ISA_USAGE</key>
				<string>YES_ERROR</string>
				<key>CLANG_WARN_EMPTY_BODY</key>
				<string>YES</string>
				<key>CLANG_WARN_ENUM_CONVERSION</key>
				<string>YES</string>
				<key>CLANG_WARN_INT_CONVERSION</key>
				<string>YES</string>
				<key>CLANG_WARN_OBJC_ROOT_CLASS</key>
				<string>YES_ERROR</string>
				<key>CLANG_WARN_UNREACHABLE_CODE</key>
				<string>YES</string>
				<key>CLANG_WARN__DUPLICATE_METHOD_MATCH</key>
				<string>YES</string>
				<key>CODE_SIGN_IDENTITY[sdk=iphoneos*]</key>
				<string>iPhone Developer</string>
				<key>COPY_PHASE_STRIP</key>
				<string>YES</string>
				<key>ENABLE_NS_ASSERTIONS</key>
				<string>NO</string>
				<key>ENABLE_STRICT_OBJC_MSGSEND</key>
				<string>YES</string>
				<key>GCC_C_LANGUAGE_STANDARD</key>
				<string>gnu99</string>
				<key>GCC_WARN_64_TO_32_BIT_CONVERSION</key>
				<string>YES</string>
				<key>GCC_WARN_ABOUT_RETURN_TYPE</key>
				<string>YES_ERROR</string>
				<key>GCC_WARN_UNDECLARED_SELECTOR</key>
				<string>YES</string>
				<key>GCC_WARN_UNINITIALIZED_AUTOS</key>
				<string>YES_AGGRESSIVE</string>
				<key>GCC_WARN_UNUSED_FUNCTION</key>
				<string>YES</string>
				<key>GCC_WARN_UNUSED_VARIABLE</key>
				<string>YES</string>
				<key>IPHONEOS_DEPLOYMENT_TARGET</key>
				<string>8.0</string>
				<key>MTL_ENABLE_DEBUG_INFO</key>
				<string>NO</string>
				<key>SDKROOT</key>
				<string>iphoneos</string>
				<key>TARGETED_DEVICE_FAMILY</key>
				<string>1,2</string>
				<key>VALIDATE_PRODUCT</key>
				<string>YES</string>
			</dict>
			<key>isa</key>
			<string>XCBuildConfiguration</string>
			<key>name</key>
			<string>Release</string>
		</dict>
		<key>0D55840119B426CA001AF800</key>
		<dict>
			<key>buildConfigurations</key>
			<array>
				<string>0D55840219B426CA001AF800</string>
				<string>0D55840319B426CA001AF800</string>
			</array>
			<key>defaultConfigurationIsVisible</key>
			<string>0</string>
			<key>defaultConfigurationName</key>
			<string>Release</string>
			<key>isa</key>
			<string>XCConfigurationList</string>
		</dict>
		<key>0D55840219B426CA001AF800</key>
		<dict>
			<key>baseConfigurationReference</key>
			<string>DE669AFFE229B7826875BA4D</string>
			<key>buildSettings</key>
			<dict>
				<key>ASSETCATALOG_COMPILER_APPICON_NAME</key>
				<string>AppIcon</string>
				<key>ASSETCATALOG_COMPILER_LAUNCHIMAGE_NAME</key>
				<string>LaunchImage</string>
				<key>INFOPLIST_FILE</key>
				<string>CircleShop/Info.plist</string>
				<key>LD_RUNPATH_SEARCH_PATHS</key>
				<string>$(inherited) @executable_path/Frameworks</string>
				<key>PRODUCT_NAME</key>
				<string>$(TARGET_NAME)</string>
				<key>SWIFT_OBJC_BRIDGING_HEADER</key>
				<string>CircleShop/CircleShop-Bridging-Header.h</string>
			</dict>
			<key>isa</key>
			<string>XCBuildConfiguration</string>
			<key>name</key>
			<string>Debug</string>
		</dict>
		<key>0D55840319B426CA001AF800</key>
		<dict>
			<key>baseConfigurationReference</key>
			<string>2B94032BB896863497770A54</string>
			<key>buildSettings</key>
			<dict>
				<key>ASSETCATALOG_COMPILER_APPICON_NAME</key>
				<string>AppIcon</string>
				<key>ASSETCATALOG_COMPILER_LAUNCHIMAGE_NAME</key>
				<string>LaunchImage</string>
				<key>INFOPLIST_FILE</key>
				<string>CircleShop/Info.plist</string>
				<key>LD_RUNPATH_SEARCH_PATHS</key>
				<string>$(inherited) @executable_path/Frameworks</string>
				<key>PRODUCT_NAME</key>
				<string>$(TARGET_NAME)</string>
				<key>SWIFT_OBJC_BRIDGING_HEADER</key>
				<string>CircleShop/CircleShop-Bridging-Header.h</string>
			</dict>
			<key>isa</key>
			<string>XCBuildConfiguration</string>
			<key>name</key>
			<string>Release</string>
		</dict>
		<key>0D55840419B426CA001AF800</key>
		<dict>
			<key>buildConfigurations</key>
			<array>
				<string>0D55840519B426CA001AF800</string>
				<string>0D55840619B426CA001AF800</string>
			</array>
			<key>defaultConfigurationIsVisible</key>
			<string>0</string>
			<key>defaultConfigurationName</key>
			<string>Release</string>
			<key>isa</key>
			<string>XCConfigurationList</string>
		</dict>
		<key>0D55840519B426CA001AF800</key>
		<dict>
			<key>buildSettings</key>
			<dict>
				<key>BUNDLE_LOADER</key>
				<string>$(TEST_HOST)</string>
				<key>FRAMEWORK_SEARCH_PATHS</key>
				<array>
					<string>$(SDKROOT)/Developer/Library/Frameworks</string>
					<string>$(inherited)</string>
				</array>
				<key>GCC_PREPROCESSOR_DEFINITIONS</key>
				<array>
					<string>DEBUG=1</string>
					<string>$(inherited)</string>
				</array>
				<key>INFOPLIST_FILE</key>
				<string>CircleShopTests/Info.plist</string>
				<key>LD_RUNPATH_SEARCH_PATHS</key>
				<string>$(inherited) @executable_path/Frameworks @loader_path/Frameworks</string>
				<key>PRODUCT_NAME</key>
				<string>$(TARGET_NAME)</string>
				<key>TEST_HOST</key>
				<string>$(BUILT_PRODUCTS_DIR)/CircleShop.app/CircleShop</string>
			</dict>
			<key>isa</key>
			<string>XCBuildConfiguration</string>
			<key>name</key>
			<string>Debug</string>
		</dict>
		<key>0D55840619B426CA001AF800</key>
		<dict>
			<key>buildSettings</key>
			<dict>
				<key>BUNDLE_LOADER</key>
				<string>$(TEST_HOST)</string>
				<key>FRAMEWORK_SEARCH_PATHS</key>
				<array>
					<string>$(SDKROOT)/Developer/Library/Frameworks</string>
					<string>$(inherited)</string>
				</array>
				<key>INFOPLIST_FILE</key>
				<string>CircleShopTests/Info.plist</string>
				<key>LD_RUNPATH_SEARCH_PATHS</key>
				<string>$(inherited) @executable_path/Frameworks @loader_path/Frameworks</string>
				<key>PRODUCT_NAME</key>
				<string>$(TARGET_NAME)</string>
				<key>TEST_HOST</key>
				<string>$(BUILT_PRODUCTS_DIR)/CircleShop.app/CircleShop</string>
			</dict>
			<key>isa</key>
			<string>XCBuildConfiguration</string>
			<key>name</key>
			<string>Release</string>
		</dict>
		<key>0D55DC4C19C44F68005C86BE</key>
		<dict>
			<key>fileEncoding</key>
			<string>4</string>
			<key>isa</key>
			<string>PBXFileReference</string>
			<key>lastKnownFileType</key>
			<string>sourcecode.swift</string>
			<key>path</key>
			<string>HostViewController.swift</string>
			<key>sourceTree</key>
			<string>&lt;group&gt;</string>
		</dict>
		<key>0D55DC4D19C44F68005C86BE</key>
		<dict>
			<key>fileRef</key>
			<string>0D55DC4C19C44F68005C86BE</string>
			<key>isa</key>
			<string>PBXBuildFile</string>
		</dict>
		<key>0D55DC4E19C68A08005C86BE</key>
		<dict>
			<key>isa</key>
			<string>PBXFileReference</string>
			<key>lastKnownFileType</key>
			<string>image.jpeg</string>
			<key>path</key>
			<string>1.jpg</string>
			<key>sourceTree</key>
			<string>&lt;group&gt;</string>
		</dict>
		<key>0D55DC4F19C68A08005C86BE</key>
		<dict>
			<key>fileRef</key>
			<string>0D55DC4E19C68A08005C86BE</string>
			<key>isa</key>
			<string>PBXBuildFile</string>
		</dict>
		<key>0D55DC5019C68B9B005C86BE</key>
		<dict>
			<key>fileEncoding</key>
			<string>4</string>
			<key>isa</key>
			<string>PBXFileReference</string>
			<key>lastKnownFileType</key>
			<string>sourcecode.swift</string>
			<key>path</key>
			<string>DetailViewController.swift</string>
			<key>sourceTree</key>
			<string>&lt;group&gt;</string>
		</dict>
		<key>0D55DC5119C68B9B005C86BE</key>
		<dict>
			<key>fileRef</key>
			<string>0D55DC5019C68B9B005C86BE</string>
			<key>isa</key>
			<string>PBXBuildFile</string>
		</dict>
		<key>0D601DB019C433CA00BA9E17</key>
		<dict>
			<key>fileEncoding</key>
			<string>4</string>
			<key>isa</key>
			<string>PBXFileReference</string>
			<key>lastKnownFileType</key>
			<string>sourcecode.swift</string>
			<key>path</key>
			<string>ProfileViewController.swift</string>
			<key>sourceTree</key>
			<string>&lt;group&gt;</string>
		</dict>
		<key>0D601DB119C433CA00BA9E17</key>
		<dict>
			<key>fileRef</key>
			<string>0D601DB019C433CA00BA9E17</string>
			<key>isa</key>
			<string>PBXBuildFile</string>
		</dict>
		<key>0D601DB219C433F900BA9E17</key>
		<dict>
			<key>children</key>
			<array>
				<string>0D00771A19C94B3A006EEAE7</string>
				<string>0D00771C19C94B50006EEAE7</string>
				<string>0D55DC4C19C44F68005C86BE</string>
				<string>0D5583EA19B426CA001AF800</string>
				<string>0DED5ABA19C4380300DCBA9A</string>
				<string>0D942CAD19F614A300E230EE</string>
				<string>0D942CAF19F614D300E230EE</string>
				<string>0D55DC5019C68B9B005C86BE</string>
				<string>0D00771819C820C5006EEAE7</string>
				<string>0D601DB019C433CA00BA9E17</string>
				<string>0D89514819D324CC007A8081</string>
				<string>0D89514A19D32AEF007A8081</string>
				<string>0DC817DD19D762DE00FA8151</string>
			</array>
			<key>isa</key>
			<string>PBXGroup</string>
			<key>name</key>
			<string>ViewController</string>
			<key>sourceTree</key>
			<string>&lt;group&gt;</string>
		</dict>
		<key>0D89514819D324CC007A8081</key>
		<dict>
			<key>fileEncoding</key>
			<string>4</string>
			<key>isa</key>
			<string>PBXFileReference</string>
			<key>lastKnownFileType</key>
			<string>sourcecode.swift</string>
			<key>path</key>
			<string>ManageCircleViewController.swift</string>
			<key>sourceTree</key>
			<string>&lt;group&gt;</string>
		</dict>
		<key>0D89514919D324CC007A8081</key>
		<dict>
			<key>fileRef</key>
			<string>0D89514819D324CC007A8081</string>
			<key>isa</key>
			<string>PBXBuildFile</string>
		</dict>
		<key>0D89514A19D32AEF007A8081</key>
		<dict>
			<key>fileEncoding</key>
			<string>4</string>
			<key>isa</key>
			<string>PBXFileReference</string>
			<key>lastKnownFileType</key>
			<string>sourcecode.swift</string>
			<key>path</key>
			<string>manageCircleViewCellTableViewCell.swift</string>
			<key>sourceTree</key>
			<string>&lt;group&gt;</string>
		</dict>
		<key>0D89514B19D32AEF007A8081</key>
		<dict>
			<key>fileRef</key>
			<string>0D89514A19D32AEF007A8081</string>
			<key>isa</key>
			<string>PBXBuildFile</string>
		</dict>
		<key>0D942CAD19F614A300E230EE</key>
		<dict>
			<key>fileEncoding</key>
			<string>4</string>
			<key>isa</key>
			<string>PBXFileReference</string>
			<key>lastKnownFileType</key>
			<string>sourcecode.swift</string>
			<key>path</key>
			<string>CircleCollectionViewController.swift</string>
			<key>sourceTree</key>
			<string>&lt;group&gt;</string>
		</dict>
		<key>0D942CAE19F614A300E230EE</key>
		<dict>
			<key>fileRef</key>
			<string>0D942CAD19F614A300E230EE</string>
			<key>isa</key>
			<string>PBXBuildFile</string>
		</dict>
		<key>0D942CAF19F614D300E230EE</key>
		<dict>
			<key>fileEncoding</key>
			<string>4</string>
			<key>isa</key>
			<string>PBXFileReference</string>
			<key>lastKnownFileType</key>
			<string>sourcecode.swift</string>
			<key>path</key>
			<string>CircleCollectionViewCell.swift</string>
			<key>sourceTree</key>
			<string>&lt;group&gt;</string>
		</dict>
		<key>0D942CB019F614D300E230EE</key>
		<dict>
			<key>fileRef</key>
			<string>0D942CAF19F614D300E230EE</string>
			<key>isa</key>
			<string>PBXBuildFile</string>
		</dict>
		<key>0DC817DD19D762DE00FA8151</key>
		<dict>
			<key>fileEncoding</key>
			<string>4</string>
			<key>isa</key>
			<string>PBXFileReference</string>
			<key>lastKnownFileType</key>
			<string>sourcecode.swift</string>
			<key>path</key>
			<string>CreateCircleViewController.swift</string>
			<key>sourceTree</key>
			<string>&lt;group&gt;</string>
		</dict>
		<key>0DC817DE19D762DE00FA8151</key>
		<dict>
			<key>fileRef</key>
			<string>0DC817DD19D762DE00FA8151</string>
			<key>isa</key>
			<string>PBXBuildFile</string>
		</dict>
		<key>0DC817DF19D76A6A00FA8151</key>
		<dict>
			<key>isa</key>
			<string>PBXFileReference</string>
			<key>lastKnownFileType</key>
			<string>wrapper.framework</string>
			<key>name</key>
			<string>MapKit.framework</string>
			<key>path</key>
			<string>System/Library/Frameworks/MapKit.framework</string>
			<key>sourceTree</key>
			<string>SDKROOT</string>
		</dict>
		<key>0DC817E019D76A6A00FA8151</key>
		<dict>
			<key>fileRef</key>
			<string>0DC817DF19D76A6A00FA8151</string>
			<key>isa</key>
			<string>PBXBuildFile</string>
		</dict>
		<key>0DC817E119D76F5400FA8151</key>
		<dict>
			<key>isa</key>
			<string>PBXFileReference</string>
			<key>lastKnownFileType</key>
			<string>wrapper.framework</string>
			<key>name</key>
			<string>CoreLocation.framework</string>
			<key>path</key>
			<string>System/Library/Frameworks/CoreLocation.framework</string>
			<key>sourceTree</key>
			<string>SDKROOT</string>
		</dict>
		<key>0DC817E219D76F5400FA8151</key>
		<dict>
			<key>fileRef</key>
			<string>0DC817E119D76F5400FA8151</string>
			<key>isa</key>
			<string>PBXBuildFile</string>
		</dict>
		<key>0DED5ABA19C4380300DCBA9A</key>
		<dict>
			<key>fileEncoding</key>
			<string>4</string>
			<key>isa</key>
			<string>PBXFileReference</string>
			<key>lastKnownFileType</key>
			<string>sourcecode.swift</string>
			<key>path</key>
			<string>CircleViewCell.swift</string>
			<key>sourceTree</key>
			<string>&lt;group&gt;</string>
		</dict>
		<key>0DED5ABB19C4380300DCBA9A</key>
		<dict>
			<key>fileRef</key>
			<string>0DED5ABA19C4380300DCBA9A</string>
			<key>isa</key>
			<string>PBXBuildFile</string>
		</dict>
		<key>0F272AD862C14797B95FE702</key>
		<dict>
			<key>children</key>
			<array>
				<string>0DC817E119D76F5400FA8151</string>
				<string>0DC817DF19D76A6A00FA8151</string>
				<string>9BE4280D054349A4AB8E14D7</string>
			</array>
			<key>isa</key>
			<string>PBXGroup</string>
			<key>name</key>
			<string>Frameworks</string>
			<key>sourceTree</key>
			<string>&lt;group&gt;</string>
		</dict>
		<key>2B94032BB896863497770A54</key>
		<dict>
			<key>includeInIndex</key>
			<string>1</string>
			<key>isa</key>
			<string>PBXFileReference</string>
			<key>lastKnownFileType</key>
			<string>text.xcconfig</string>
			<key>name</key>
			<string>Pods-CircleShop.release.xcconfig</string>
			<key>path</key>
			<string>Pods/Target Support Files/Pods-CircleShop/Pods-CircleShop.release.xcconfig</string>
			<key>sourceTree</key>
			<string>&lt;group&gt;</string>
		</dict>
		<key>2CFF2404CC3E4BF29F05DAB0</key>
		<dict>
			<key>buildActionMask</key>
			<string>2147483647</string>
			<key>files</key>
			<array/>
			<key>inputPaths</key>
			<array/>
			<key>isa</key>
			<string>PBXShellScriptBuildPhase</string>
			<key>name</key>
			<string>Copy Pods Resources</string>
			<key>outputPaths</key>
			<array/>
			<key>runOnlyForDeploymentPostprocessing</key>
			<string>0</string>
			<key>shellPath</key>
			<string>/bin/sh</string>
			<key>shellScript</key>
			<string>"${SRCROOT}/Pods/Target Support Files/Pods-CircleShop/Pods-CircleShop-resources.sh"
</string>
			<key>showEnvVarsInLog</key>
			<string>0</string>
		</dict>
		<key>45EAF2C5431743E8BE6B798C</key>
		<dict>
			<key>fileRef</key>
			<string>9BE4280D054349A4AB8E14D7</string>
			<key>isa</key>
			<string>PBXBuildFile</string>
		</dict>
		<key>6F16C70FC8B367D2FDE13015</key>
		<dict>
			<key>children</key>
			<array>
				<string>DE669AFFE229B7826875BA4D</string>
				<string>2B94032BB896863497770A54</string>
			</array>
			<key>isa</key>
			<string>PBXGroup</string>
			<key>name</key>
			<string>Pods</string>
			<key>sourceTree</key>
			<string>&lt;group&gt;</string>
		</dict>
		<key>9A75906B19DD1B0E00ADCAB4</key>
		<dict>
			<key>fileEncoding</key>
			<string>4</string>
			<key>isa</key>
			<string>PBXFileReference</string>
			<key>lastKnownFileType</key>
			<string>sourcecode.swift</string>
			<key>path</key>
			<string>Globals.swift</string>
			<key>sourceTree</key>
			<string>&lt;group&gt;</string>
		</dict>
		<key>9A75906C19DD1B0E00ADCAB4</key>
		<dict>
			<key>fileRef</key>
			<string>9A75906B19DD1B0E00ADCAB4</string>
			<key>isa</key>
			<string>PBXBuildFile</string>
		</dict>
		<key>9AC78BD219D8B6B800B294DC</key>
		<dict>
			<key>fileEncoding</key>
			<string>4</string>
			<key>isa</key>
			<string>PBXFileReference</string>
			<key>lastKnownFileType</key>
			<string>sourcecode.swift</string>
			<key>path</key>
			<string>Item.swift</string>
			<key>sourceTree</key>
			<string>&lt;group&gt;</string>
		</dict>
		<key>9AC78BD319D8B6B800B294DC</key>
		<dict>
			<key>fileRef</key>
			<string>9AC78BD219D8B6B800B294DC</string>
			<key>isa</key>
			<string>PBXBuildFile</string>
		</dict>
		<key>9AC78BD419D8B6CA00B294DC</key>
		<dict>
			<key>fileEncoding</key>
			<string>4</string>
			<key>isa</key>
			<string>PBXFileReference</string>
			<key>lastKnownFileType</key>
			<string>sourcecode.swift</string>
			<key>path</key>
			<string>Circle.swift</string>
			<key>sourceTree</key>
			<string>&lt;group&gt;</string>
		</dict>
		<key>9AC78BD519D8B6CA00B294DC</key>
		<dict>
			<key>fileRef</key>
			<string>9AC78BD419D8B6CA00B294DC</string>
			<key>isa</key>
			<string>PBXBuildFile</string>
		</dict>
		<key>9AE3CF1619D8CAA5007850EC</key>
		<dict>
			<key>isa</key>
			<string>PBXFileReference</string>
			<key>lastKnownFileType</key>
			<string>file.playground</string>
			<key>path</key>
			<string>MyPlayground.playground</string>
			<key>sourceTree</key>
			<string>&lt;group&gt;</string>
		</dict>
		<key>9AE3CF1719D93399007850EC</key>
		<dict>
			<key>fileEncoding</key>
			<string>4</string>
			<key>isa</key>
			<string>PBXFileReference</string>
			<key>lastKnownFileType</key>
			<string>sourcecode.swift</string>
			<key>path</key>
			<string>CurrentUser.swift</string>
			<key>sourceTree</key>
			<string>&lt;group&gt;</string>
		</dict>
		<key>9AE3CF1819D93399007850EC</key>
		<dict>
			<key>fileRef</key>
			<string>9AE3CF1719D93399007850EC</string>
			<key>isa</key>
			<string>PBXBuildFile</string>
		</dict>
		<key>9BE4280D054349A4AB8E14D7</key>
		<dict>
			<key>explicitFileType</key>
			<string>archive.ar</string>
			<key>includeInIndex</key>
			<string>0</string>
			<key>isa</key>
			<string>PBXFileReference</string>
			<key>path</key>
			<string>libPods-CircleShop.a</string>
			<key>sourceTree</key>
			<string>BUILT_PRODUCTS_DIR</string>
		</dict>
		<key>DE669AFFE229B7826875BA4D</key>
		<dict>
			<key>includeInIndex</key>
			<string>1</string>
			<key>isa</key>
			<string>PBXFileReference</string>
			<key>lastKnownFileType</key>
			<string>text.xcconfig</string>
			<key>name</key>
			<string>Pods-CircleShop.debug.xcconfig</string>
			<key>path</key>
			<string>Pods/Target Support Files/Pods-CircleShop/Pods-CircleShop.debug.xcconfig</string>
			<key>sourceTree</key>
			<string>&lt;group&gt;</string>
		</dict>
	</dict>
	<key>rootObject</key>
	<string>0D5583DB19B426C9001AF800</string>
</dict>
</plist>
