// !$*UTF8*$!
{
	archiveVersion = 1;
	classes = {
	};
	objectVersion = 46;
	objects = {

/* Begin PBXBuildFile section */
		0D00771719C80C6D006EEAE7 /* CropViewController.swift in Sources */ = {isa = PBXBuildFile; fileRef = 0D00771619C80C6D006EEAE7 /* CropViewController.swift */; };
		0D00771919C820C5006EEAE7 /* PostViewController.swift in Sources */ = {isa = PBXBuildFile; fileRef = 0D00771819C820C5006EEAE7 /* PostViewController.swift */; };
		0D00771B19C94B3A006EEAE7 /* LoginViewController.swift in Sources */ = {isa = PBXBuildFile; fileRef = 0D00771A19C94B3A006EEAE7 /* LoginViewController.swift */; };
		0D00771D19C94B50006EEAE7 /* SignUpViewController.swift in Sources */ = {isa = PBXBuildFile; fileRef = 0D00771C19C94B50006EEAE7 /* SignUpViewController.swift */; };
		0D00772319C9537B006EEAE7 /* Constants.swift in Sources */ = {isa = PBXBuildFile; fileRef = 0D00772019C9537B006EEAE7 /* Constants.swift */; };
		0D00772419C9537B006EEAE7 /* Helpers.swift in Sources */ = {isa = PBXBuildFile; fileRef = 0D00772119C9537B006EEAE7 /* Helpers.swift */; };
		0D00772519C9537B006EEAE7 /* User.swift in Sources */ = {isa = PBXBuildFile; fileRef = 0D00772219C9537B006EEAE7 /* User.swift */; };
		0D5583E919B426CA001AF800 /* AppDelegate.swift in Sources */ = {isa = PBXBuildFile; fileRef = 0D5583E819B426CA001AF800 /* AppDelegate.swift */; };
		0D5583EB19B426CA001AF800 /* CircleViewController.swift in Sources */ = {isa = PBXBuildFile; fileRef = 0D5583EA19B426CA001AF800 /* CircleViewController.swift */; };
		0D5583F019B426CA001AF800 /* Main.storyboard in Resources */ = {isa = PBXBuildFile; fileRef = 0D5583EE19B426CA001AF800 /* Main.storyboard */; };
		0D5583F219B426CA001AF800 /* Images.xcassets in Resources */ = {isa = PBXBuildFile; fileRef = 0D5583F119B426CA001AF800 /* Images.xcassets */; };
		0D5583FE19B426CA001AF800 /* CircleShopTests.swift in Sources */ = {isa = PBXBuildFile; fileRef = 0D5583FD19B426CA001AF800 /* CircleShopTests.swift */; };
		0D55DC4D19C44F68005C86BE /* HostViewController.swift in Sources */ = {isa = PBXBuildFile; fileRef = 0D55DC4C19C44F68005C86BE /* HostViewController.swift */; };
		0D55DC4F19C68A08005C86BE /* 1.jpg in Resources */ = {isa = PBXBuildFile; fileRef = 0D55DC4E19C68A08005C86BE /* 1.jpg */; };
		0D55DC5119C68B9B005C86BE /* DetailViewController.swift in Sources */ = {isa = PBXBuildFile; fileRef = 0D55DC5019C68B9B005C86BE /* DetailViewController.swift */; };
		0D5638E719C69469008BBF75 /* PhotoCollectionViewController.swift in Sources */ = {isa = PBXBuildFile; fileRef = 0D5638E619C69469008BBF75 /* PhotoCollectionViewController.swift */; };
		0D5638E919C69486008BBF75 /* PhotoCollectionViewCell.swift in Sources */ = {isa = PBXBuildFile; fileRef = 0D5638E819C69486008BBF75 /* PhotoCollectionViewCell.swift */; };
		0D601DAF19C4337C00BA9E17 /* GroupPhotoViewController.swift in Sources */ = {isa = PBXBuildFile; fileRef = 0D601DAE19C4337C00BA9E17 /* GroupPhotoViewController.swift */; };
		0D601DB119C433CA00BA9E17 /* ProfileViewController.swift in Sources */ = {isa = PBXBuildFile; fileRef = 0D601DB019C433CA00BA9E17 /* ProfileViewController.swift */; };
		0D63044019C68F890058AB44 /* GroupPhotoViewCell.swift in Sources */ = {isa = PBXBuildFile; fileRef = 0D63043F19C68F890058AB44 /* GroupPhotoViewCell.swift */; };
		0D89514919D324CC007A8081 /* ManageCircleViewController.swift in Sources */ = {isa = PBXBuildFile; fileRef = 0D89514819D324CC007A8081 /* ManageCircleViewController.swift */; };
		0D89514B19D32AEF007A8081 /* manageCircleViewCellTableViewCell.swift in Sources */ = {isa = PBXBuildFile; fileRef = 0D89514A19D32AEF007A8081 /* manageCircleViewCellTableViewCell.swift */; };
		0DC817DE19D762DE00FA8151 /* CreateCircleViewController.swift in Sources */ = {isa = PBXBuildFile; fileRef = 0DC817DD19D762DE00FA8151 /* CreateCircleViewController.swift */; };
		0DC817E019D76A6A00FA8151 /* MapKit.framework in Frameworks */ = {isa = PBXBuildFile; fileRef = 0DC817DF19D76A6A00FA8151 /* MapKit.framework */; };
		0DC817E219D76F5400FA8151 /* CoreLocation.framework in Frameworks */ = {isa = PBXBuildFile; fileRef = 0DC817E119D76F5400FA8151 /* CoreLocation.framework */; };
		0DED5ABB19C4380300DCBA9A /* CircleViewCell.swift in Sources */ = {isa = PBXBuildFile; fileRef = 0DED5ABA19C4380300DCBA9A /* CircleViewCell.swift */; };
		45EAF2C5431743E8BE6B798C /* libPods-CircleShop.a in Frameworks */ = {isa = PBXBuildFile; fileRef = 9BE4280D054349A4AB8E14D7 /* libPods-CircleShop.a */; };
/* End PBXBuildFile section */

/* Begin PBXContainerItemProxy section */
		0D5583F819B426CA001AF800 /* PBXContainerItemProxy */ = {
			isa = PBXContainerItemProxy;
			containerPortal = 0D5583DB19B426C9001AF800 /* Project object */;
			proxyType = 1;
			remoteGlobalIDString = 0D5583E219B426CA001AF800;
			remoteInfo = CircleShop;
		};
/* End PBXContainerItemProxy section */

/* Begin PBXFileReference section */
		0D00771619C80C6D006EEAE7 /* CropViewController.swift */ = {isa = PBXFileReference; fileEncoding = 4; lastKnownFileType = sourcecode.swift; path = CropViewController.swift; sourceTree = "<group>"; };
		0D00771819C820C5006EEAE7 /* PostViewController.swift */ = {isa = PBXFileReference; fileEncoding = 4; lastKnownFileType = sourcecode.swift; path = PostViewController.swift; sourceTree = "<group>"; };
		0D00771A19C94B3A006EEAE7 /* LoginViewController.swift */ = {isa = PBXFileReference; fileEncoding = 4; lastKnownFileType = sourcecode.swift; path = LoginViewController.swift; sourceTree = "<group>"; };
		0D00771C19C94B50006EEAE7 /* SignUpViewController.swift */ = {isa = PBXFileReference; fileEncoding = 4; lastKnownFileType = sourcecode.swift; path = SignUpViewController.swift; sourceTree = "<group>"; };
		0D00772019C9537B006EEAE7 /* Constants.swift */ = {isa = PBXFileReference; fileEncoding = 4; lastKnownFileType = sourcecode.swift; path = Constants.swift; sourceTree = "<group>"; };
		0D00772119C9537B006EEAE7 /* Helpers.swift */ = {isa = PBXFileReference; fileEncoding = 4; lastKnownFileType = sourcecode.swift; path = Helpers.swift; sourceTree = "<group>"; };
		0D00772219C9537B006EEAE7 /* User.swift */ = {isa = PBXFileReference; fileEncoding = 4; lastKnownFileType = sourcecode.swift; path = User.swift; sourceTree = "<group>"; };
		0D2D7DFB19B51818007CCCED /* CircleShop-Bridging-Header.h */ = {isa = PBXFileReference; lastKnownFileType = sourcecode.c.h; path = "CircleShop-Bridging-Header.h"; sourceTree = "<group>"; };
		0D5583E319B426CA001AF800 /* CircleShop.app */ = {isa = PBXFileReference; explicitFileType = wrapper.application; includeInIndex = 0; path = CircleShop.app; sourceTree = BUILT_PRODUCTS_DIR; };
		0D5583E719B426CA001AF800 /* Info.plist */ = {isa = PBXFileReference; lastKnownFileType = text.plist.xml; path = Info.plist; sourceTree = "<group>"; };
		0D5583E819B426CA001AF800 /* AppDelegate.swift */ = {isa = PBXFileReference; lastKnownFileType = sourcecode.swift; path = AppDelegate.swift; sourceTree = "<group>"; };
		0D5583EA19B426CA001AF800 /* CircleViewController.swift */ = {isa = PBXFileReference; lastKnownFileType = sourcecode.swift; path = CircleViewController.swift; sourceTree = "<group>"; };
		0D5583EF19B426CA001AF800 /* Base */ = {isa = PBXFileReference; lastKnownFileType = file.storyboard; name = Base; path = Base.lproj/Main.storyboard; sourceTree = "<group>"; };
		0D5583F119B426CA001AF800 /* Images.xcassets */ = {isa = PBXFileReference; lastKnownFileType = folder.assetcatalog; path = Images.xcassets; sourceTree = "<group>"; };
		0D5583F719B426CA001AF800 /* CircleShopTests.xctest */ = {isa = PBXFileReference; explicitFileType = wrapper.cfbundle; includeInIndex = 0; path = CircleShopTests.xctest; sourceTree = BUILT_PRODUCTS_DIR; };
		0D5583FC19B426CA001AF800 /* Info.plist */ = {isa = PBXFileReference; lastKnownFileType = text.plist.xml; path = Info.plist; sourceTree = "<group>"; };
		0D5583FD19B426CA001AF800 /* CircleShopTests.swift */ = {isa = PBXFileReference; lastKnownFileType = sourcecode.swift; path = CircleShopTests.swift; sourceTree = "<group>"; };
		0D55DC4C19C44F68005C86BE /* HostViewController.swift */ = {isa = PBXFileReference; fileEncoding = 4; lastKnownFileType = sourcecode.swift; path = HostViewController.swift; sourceTree = "<group>"; };
		0D55DC4E19C68A08005C86BE /* 1.jpg */ = {isa = PBXFileReference; lastKnownFileType = image.jpeg; path = 1.jpg; sourceTree = "<group>"; };
		0D55DC5019C68B9B005C86BE /* DetailViewController.swift */ = {isa = PBXFileReference; fileEncoding = 4; lastKnownFileType = sourcecode.swift; path = DetailViewController.swift; sourceTree = "<group>"; };
		0D5638E619C69469008BBF75 /* PhotoCollectionViewController.swift */ = {isa = PBXFileReference; fileEncoding = 4; lastKnownFileType = sourcecode.swift; path = PhotoCollectionViewController.swift; sourceTree = "<group>"; };
		0D5638E819C69486008BBF75 /* PhotoCollectionViewCell.swift */ = {isa = PBXFileReference; fileEncoding = 4; lastKnownFileType = sourcecode.swift; path = PhotoCollectionViewCell.swift; sourceTree = "<group>"; };
		0D601DAE19C4337C00BA9E17 /* GroupPhotoViewController.swift */ = {isa = PBXFileReference; fileEncoding = 4; lastKnownFileType = sourcecode.swift; path = GroupPhotoViewController.swift; sourceTree = "<group>"; };
		0D601DB019C433CA00BA9E17 /* ProfileViewController.swift */ = {isa = PBXFileReference; fileEncoding = 4; lastKnownFileType = sourcecode.swift; path = ProfileViewController.swift; sourceTree = "<group>"; };
		0D63043F19C68F890058AB44 /* GroupPhotoViewCell.swift */ = {isa = PBXFileReference; fileEncoding = 4; lastKnownFileType = sourcecode.swift; path = GroupPhotoViewCell.swift; sourceTree = "<group>"; };
		0D89514819D324CC007A8081 /* ManageCircleViewController.swift */ = {isa = PBXFileReference; fileEncoding = 4; lastKnownFileType = sourcecode.swift; path = ManageCircleViewController.swift; sourceTree = "<group>"; };
		0D89514A19D32AEF007A8081 /* manageCircleViewCellTableViewCell.swift */ = {isa = PBXFileReference; fileEncoding = 4; lastKnownFileType = sourcecode.swift; path = manageCircleViewCellTableViewCell.swift; sourceTree = "<group>"; };
		0DC817DD19D762DE00FA8151 /* CreateCircleViewController.swift */ = {isa = PBXFileReference; fileEncoding = 4; lastKnownFileType = sourcecode.swift; path = CreateCircleViewController.swift; sourceTree = "<group>"; };
		0DC817DF19D76A6A00FA8151 /* MapKit.framework */ = {isa = PBXFileReference; lastKnownFileType = wrapper.framework; name = MapKit.framework; path = System/Library/Frameworks/MapKit.framework; sourceTree = SDKROOT; };
		0DC817E119D76F5400FA8151 /* CoreLocation.framework */ = {isa = PBXFileReference; lastKnownFileType = wrapper.framework; name = CoreLocation.framework; path = System/Library/Frameworks/CoreLocation.framework; sourceTree = SDKROOT; };
		0DED5ABA19C4380300DCBA9A /* CircleViewCell.swift */ = {isa = PBXFileReference; fileEncoding = 4; lastKnownFileType = sourcecode.swift; path = CircleViewCell.swift; sourceTree = "<group>"; };
		69E2BD15657948809908DAE4 /* Pods-CircleShop.xcconfig */ = {isa = PBXFileReference; includeInIndex = 1; lastKnownFileType = text.xcconfig; name = "Pods-CircleShop.xcconfig"; path = "Pods/Pods-CircleShop.xcconfig"; sourceTree = "<group>"; };
		9BE4280D054349A4AB8E14D7 /* libPods-CircleShop.a */ = {isa = PBXFileReference; explicitFileType = archive.ar; includeInIndex = 0; path = "libPods-CircleShop.a"; sourceTree = BUILT_PRODUCTS_DIR; };
/* End PBXFileReference section */

/* Begin PBXFrameworksBuildPhase section */
		0D5583E019B426CA001AF800 /* Frameworks */ = {
			isa = PBXFrameworksBuildPhase;
			buildActionMask = 2147483647;
			files = (
				0DC817E219D76F5400FA8151 /* CoreLocation.framework in Frameworks */,
				0DC817E019D76A6A00FA8151 /* MapKit.framework in Frameworks */,
				45EAF2C5431743E8BE6B798C /* libPods-CircleShop.a in Frameworks */,
			);
			runOnlyForDeploymentPostprocessing = 0;
		};
		0D5583F419B426CA001AF800 /* Frameworks */ = {
			isa = PBXFrameworksBuildPhase;
			buildActionMask = 2147483647;
			files = (
			);
			runOnlyForDeploymentPostprocessing = 0;
		};
/* End PBXFrameworksBuildPhase section */

/* Begin PBXGroup section */
		0D00772619C9538C006EEAE7 /* Model */ = {
			isa = PBXGroup;
			children = (
				0D00772219C9537B006EEAE7 /* User.swift */,
			);
			name = Model;
			sourceTree = "<group>";
		};
		0D00772719C95398006EEAE7 /* Helper */ = {
			isa = PBXGroup;
			children = (
				0D00772019C9537B006EEAE7 /* Constants.swift */,
				0D00772119C9537B006EEAE7 /* Helpers.swift */,
			);
			name = Helper;
			sourceTree = "<group>";
		};
		0D5583DA19B426C9001AF800 = {
			isa = PBXGroup;
			children = (
				0D5583E519B426CA001AF800 /* CircleShop */,
				0D5583FA19B426CA001AF800 /* CircleShopTests */,
				0D5583E419B426CA001AF800 /* Products */,
				69E2BD15657948809908DAE4 /* Pods-CircleShop.xcconfig */,
				0F272AD862C14797B95FE702 /* Frameworks */,
			);
			sourceTree = "<group>";
		};
		0D5583E419B426CA001AF800 /* Products */ = {
			isa = PBXGroup;
			children = (
				0D5583E319B426CA001AF800 /* CircleShop.app */,
				0D5583F719B426CA001AF800 /* CircleShopTests.xctest */,
			);
			name = Products;
			sourceTree = "<group>";
		};
		0D5583E519B426CA001AF800 /* CircleShop */ = {
			isa = PBXGroup;
			children = (
				0D55DC4E19C68A08005C86BE /* 1.jpg */,
				0D00772719C95398006EEAE7 /* Helper */,
				0D00772619C9538C006EEAE7 /* Model */,
				0D601DB219C433F900BA9E17 /* ViewController */,
				0D5583E819B426CA001AF800 /* AppDelegate.swift */,
				0D5583EE19B426CA001AF800 /* Main.storyboard */,
				0D5583F119B426CA001AF800 /* Images.xcassets */,
				0D5583E619B426CA001AF800 /* Supporting Files */,
				0D2D7DFB19B51818007CCCED /* CircleShop-Bridging-Header.h */,
			);
			path = CircleShop;
			sourceTree = "<group>";
		};
		0D5583E619B426CA001AF800 /* Supporting Files */ = {
			isa = PBXGroup;
			children = (
				0D5583E719B426CA001AF800 /* Info.plist */,
			);
			name = "Supporting Files";
			sourceTree = "<group>";
		};
		0D5583FA19B426CA001AF800 /* CircleShopTests */ = {
			isa = PBXGroup;
			children = (
				0D5583FD19B426CA001AF800 /* CircleShopTests.swift */,
				0D5583FB19B426CA001AF800 /* Supporting Files */,
			);
			path = CircleShopTests;
			sourceTree = "<group>";
		};
		0D5583FB19B426CA001AF800 /* Supporting Files */ = {
			isa = PBXGroup;
			children = (
				0D5583FC19B426CA001AF800 /* Info.plist */,
			);
			name = "Supporting Files";
			sourceTree = "<group>";
		};
		0D601DB219C433F900BA9E17 /* ViewController */ = {
			isa = PBXGroup;
			children = (
				0D00771A19C94B3A006EEAE7 /* LoginViewController.swift */,
				0D00771C19C94B50006EEAE7 /* SignUpViewController.swift */,
				0D55DC4C19C44F68005C86BE /* HostViewController.swift */,
				0D5583EA19B426CA001AF800 /* CircleViewController.swift */,
				0DED5ABA19C4380300DCBA9A /* CircleViewCell.swift */,
				0D55DC5019C68B9B005C86BE /* DetailViewController.swift */,
				0D601DAE19C4337C00BA9E17 /* GroupPhotoViewController.swift */,
				0D63043F19C68F890058AB44 /* GroupPhotoViewCell.swift */,
				0D5638E619C69469008BBF75 /* PhotoCollectionViewController.swift */,
				0D5638E819C69486008BBF75 /* PhotoCollectionViewCell.swift */,
				0D00771619C80C6D006EEAE7 /* CropViewController.swift */,
				0D00771819C820C5006EEAE7 /* PostViewController.swift */,
				0D601DB019C433CA00BA9E17 /* ProfileViewController.swift */,
				0D89514819D324CC007A8081 /* ManageCircleViewController.swift */,
				0D89514A19D32AEF007A8081 /* manageCircleViewCellTableViewCell.swift */,
				0DC817DD19D762DE00FA8151 /* CreateCircleViewController.swift */,
			);
			name = ViewController;
			sourceTree = "<group>";
		};
		0F272AD862C14797B95FE702 /* Frameworks */ = {
			isa = PBXGroup;
			children = (
				0DC817E119D76F5400FA8151 /* CoreLocation.framework */,
				0DC817DF19D76A6A00FA8151 /* MapKit.framework */,
				9BE4280D054349A4AB8E14D7 /* libPods-CircleShop.a */,
			);
			name = Frameworks;
			sourceTree = "<group>";
		};
/* End PBXGroup section */

/* Begin PBXNativeTarget section */
		0D5583E219B426CA001AF800 /* CircleShop */ = {
			isa = PBXNativeTarget;
			buildConfigurationList = 0D55840119B426CA001AF800 /* Build configuration list for PBXNativeTarget "CircleShop" */;
			buildPhases = (
				051CB40764C148F2A7C6BDC5 /* Check Pods Manifest.lock */,
				0D5583DF19B426CA001AF800 /* Sources */,
				0D5583E019B426CA001AF800 /* Frameworks */,
				0D5583E119B426CA001AF800 /* Resources */,
				2CFF2404CC3E4BF29F05DAB0 /* Copy Pods Resources */,
			);
			buildRules = (
			);
			dependencies = (
			);
			name = CircleShop;
			productName = CircleShop;
			productReference = 0D5583E319B426CA001AF800 /* CircleShop.app */;
			productType = "com.apple.product-type.application";
		};
		0D5583F619B426CA001AF800 /* CircleShopTests */ = {
			isa = PBXNativeTarget;
			buildConfigurationList = 0D55840419B426CA001AF800 /* Build configuration list for PBXNativeTarget "CircleShopTests" */;
			buildPhases = (
				0D5583F319B426CA001AF800 /* Sources */,
				0D5583F419B426CA001AF800 /* Frameworks */,
				0D5583F519B426CA001AF800 /* Resources */,
			);
			buildRules = (
			);
			dependencies = (
				0D5583F919B426CA001AF800 /* PBXTargetDependency */,
			);
			name = CircleShopTests;
			productName = CircleShopTests;
			productReference = 0D5583F719B426CA001AF800 /* CircleShopTests.xctest */;
			productType = "com.apple.product-type.bundle.unit-test";
		};
/* End PBXNativeTarget section */

/* Begin PBXProject section */
		0D5583DB19B426C9001AF800 /* Project object */ = {
			isa = PBXProject;
			attributes = {
				LastUpgradeCheck = 0600;
				ORGANIZATIONNAME = "yue zheng";
				TargetAttributes = {
					0D5583E219B426CA001AF800 = {
						CreatedOnToolsVersion = 6.0;
						SystemCapabilities = {
							com.apple.Maps.iOS = {
								enabled = 1;
							};
						};
					};
					0D5583F619B426CA001AF800 = {
						CreatedOnToolsVersion = 6.0;
						TestTargetID = 0D5583E219B426CA001AF800;
					};
				};
			};
			buildConfigurationList = 0D5583DE19B426CA001AF800 /* Build configuration list for PBXProject "CircleShop" */;
			compatibilityVersion = "Xcode 3.2";
			developmentRegion = English;
			hasScannedForEncodings = 0;
			knownRegions = (
				en,
				Base,
			);
			mainGroup = 0D5583DA19B426C9001AF800;
			productRefGroup = 0D5583E419B426CA001AF800 /* Products */;
			projectDirPath = "";
			projectRoot = "";
			targets = (
				0D5583E219B426CA001AF800 /* CircleShop */,
				0D5583F619B426CA001AF800 /* CircleShopTests */,
			);
		};
/* End PBXProject section */

/* Begin PBXResourcesBuildPhase section */
		0D5583E119B426CA001AF800 /* Resources */ = {
			isa = PBXResourcesBuildPhase;
			buildActionMask = 2147483647;
			files = (
				0D55DC4F19C68A08005C86BE /* 1.jpg in Resources */,
				0D5583F019B426CA001AF800 /* Main.storyboard in Resources */,
				0D5583F219B426CA001AF800 /* Images.xcassets in Resources */,
			);
			runOnlyForDeploymentPostprocessing = 0;
		};
		0D5583F519B426CA001AF800 /* Resources */ = {
			isa = PBXResourcesBuildPhase;
			buildActionMask = 2147483647;
			files = (
			);
			runOnlyForDeploymentPostprocessing = 0;
		};
/* End PBXResourcesBuildPhase section */

/* Begin PBXShellScriptBuildPhase section */
		051CB40764C148F2A7C6BDC5 /* Check Pods Manifest.lock */ = {
			isa = PBXShellScriptBuildPhase;
			buildActionMask = 2147483647;
			files = (
			);
			inputPaths = (
			);
			name = "Check Pods Manifest.lock";
			outputPaths = (
			);
			runOnlyForDeploymentPostprocessing = 0;
			shellPath = /bin/sh;
			shellScript = "diff \"${PODS_ROOT}/../Podfile.lock\" \"${PODS_ROOT}/Manifest.lock\" > /dev/null\nif [[ $? != 0 ]] ; then\n    cat << EOM\nerror: The sandbox is not in sync with the Podfile.lock. Run 'pod install' or update your CocoaPods installation.\nEOM\n    exit 1\nfi\n";
			showEnvVarsInLog = 0;
		};
		2CFF2404CC3E4BF29F05DAB0 /* Copy Pods Resources */ = {
			isa = PBXShellScriptBuildPhase;
			buildActionMask = 2147483647;
			files = (
			);
			inputPaths = (
			);
			name = "Copy Pods Resources";
			outputPaths = (
			);
			runOnlyForDeploymentPostprocessing = 0;
			shellPath = /bin/sh;
			shellScript = "\"${SRCROOT}/Pods/Pods-CircleShop-resources.sh\"\n";
			showEnvVarsInLog = 0;
		};
/* End PBXShellScriptBuildPhase section */

/* Begin PBXSourcesBuildPhase section */
		0D5583DF19B426CA001AF800 /* Sources */ = {
			isa = PBXSourcesBuildPhase;
			buildActionMask = 2147483647;
			files = (
				0D00771919C820C5006EEAE7 /* PostViewController.swift in Sources */,
				0D601DAF19C4337C00BA9E17 /* GroupPhotoViewController.swift in Sources */,
				0D5638E919C69486008BBF75 /* PhotoCollectionViewCell.swift in Sources */,
				0DED5ABB19C4380300DCBA9A /* CircleViewCell.swift in Sources */,
				0DC817DE19D762DE00FA8151 /* CreateCircleViewController.swift in Sources */,
				0D55DC4D19C44F68005C86BE /* HostViewController.swift in Sources */,
				0D601DB119C433CA00BA9E17 /* ProfileViewController.swift in Sources */,
				0D5638E719C69469008BBF75 /* PhotoCollectionViewController.swift in Sources */,
				0D00772319C9537B006EEAE7 /* Constants.swift in Sources */,
				0D5583E919B426CA001AF800 /* AppDelegate.swift in Sources */,
				0D00771D19C94B50006EEAE7 /* SignUpViewController.swift in Sources */,
				0D89514919D324CC007A8081 /* ManageCircleViewController.swift in Sources */,
				0D00772419C9537B006EEAE7 /* Helpers.swift in Sources */,
				0D5583EB19B426CA001AF800 /* CircleViewController.swift in Sources */,
				0D63044019C68F890058AB44 /* GroupPhotoViewCell.swift in Sources */,
				0D89514B19D32AEF007A8081 /* manageCircleViewCellTableViewCell.swift in Sources */,
				0D00772519C9537B006EEAE7 /* User.swift in Sources */,
				0D55DC5119C68B9B005C86BE /* DetailViewController.swift in Sources */,
				0D00771B19C94B3A006EEAE7 /* LoginViewController.swift in Sources */,
				0D00771719C80C6D006EEAE7 /* CropViewController.swift in Sources */,
			);
			runOnlyForDeploymentPostprocessing = 0;
		};
		0D5583F319B426CA001AF800 /* Sources */ = {
			isa = PBXSourcesBuildPhase;
			buildActionMask = 2147483647;
			files = (
				0D5583FE19B426CA001AF800 /* CircleShopTests.swift in Sources */,
			);
			runOnlyForDeploymentPostprocessing = 0;
		};
/* End PBXSourcesBuildPhase section */

/* Begin PBXTargetDependency section */
		0D5583F919B426CA001AF800 /* PBXTargetDependency */ = {
			isa = PBXTargetDependency;
			target = 0D5583E219B426CA001AF800 /* CircleShop */;
			targetProxy = 0D5583F819B426CA001AF800 /* PBXContainerItemProxy */;
		};
/* End PBXTargetDependency section */

/* Begin PBXVariantGroup section */
		0D5583EE19B426CA001AF800 /* Main.storyboard */ = {
			isa = PBXVariantGroup;
			children = (
				0D5583EF19B426CA001AF800 /* Base */,
			);
			name = Main.storyboard;
			sourceTree = "<group>";
		};
/* End PBXVariantGroup section */

/* Begin XCBuildConfiguration section */
		0D5583FF19B426CA001AF800 /* Debug */ = {
			isa = XCBuildConfiguration;
			buildSettings = {
				ALWAYS_SEARCH_USER_PATHS = NO;
				CLANG_CXX_LANGUAGE_STANDARD = "gnu++0x";
				CLANG_CXX_LIBRARY = "libc++";
				CLANG_ENABLE_MODULES = YES;
				CLANG_ENABLE_OBJC_ARC = YES;
				CLANG_WARN_BOOL_CONVERSION = YES;
				CLANG_WARN_CONSTANT_CONVERSION = YES;
				CLANG_WARN_DIRECT_OBJC_ISA_USAGE = YES_ERROR;
				CLANG_WARN_EMPTY_BODY = YES;
				CLANG_WARN_ENUM_CONVERSION = YES;
				CLANG_WARN_INT_CONVERSION = YES;
				CLANG_WARN_OBJC_ROOT_CLASS = YES_ERROR;
				CLANG_WARN_UNREACHABLE_CODE = YES;
				CLANG_WARN__DUPLICATE_METHOD_MATCH = YES;
				"CODE_SIGN_IDENTITY[sdk=iphoneos*]" = "iPhone Developer";
				COPY_PHASE_STRIP = NO;
				ENABLE_STRICT_OBJC_MSGSEND = YES;
				GCC_C_LANGUAGE_STANDARD = gnu99;
				GCC_DYNAMIC_NO_PIC = NO;
				GCC_OPTIMIZATION_LEVEL = 0;
				GCC_PREPROCESSOR_DEFINITIONS = (
					"DEBUG=1",
					"$(inherited)",
				);
				GCC_SYMBOLS_PRIVATE_EXTERN = NO;
				GCC_WARN_64_TO_32_BIT_CONVERSION = YES;
				GCC_WARN_ABOUT_RETURN_TYPE = YES_ERROR;
				GCC_WARN_UNDECLARED_SELECTOR = YES;
				GCC_WARN_UNINITIALIZED_AUTOS = YES_AGGRESSIVE;
				GCC_WARN_UNUSED_FUNCTION = YES;
				GCC_WARN_UNUSED_VARIABLE = YES;
				IPHONEOS_DEPLOYMENT_TARGET = 8.0;
				MTL_ENABLE_DEBUG_INFO = YES;
				ONLY_ACTIVE_ARCH = YES;
				SDKROOT = iphoneos;
				SWIFT_OPTIMIZATION_LEVEL = "-Onone";
				TARGETED_DEVICE_FAMILY = "1,2";
			};
			name = Debug;
		};
		0D55840019B426CA001AF800 /* Release */ = {
			isa = XCBuildConfiguration;
			buildSettings = {
				ALWAYS_SEARCH_USER_PATHS = NO;
				CLANG_CXX_LANGUAGE_STANDARD = "gnu++0x";
				CLANG_CXX_LIBRARY = "libc++";
				CLANG_ENABLE_MODULES = YES;
				CLANG_ENABLE_OBJC_ARC = YES;
				CLANG_WARN_BOOL_CONVERSION = YES;
				CLANG_WARN_CONSTANT_CONVERSION = YES;
				CLANG_WARN_DIRECT_OBJC_ISA_USAGE = YES_ERROR;
				CLANG_WARN_EMPTY_BODY = YES;
				CLANG_WARN_ENUM_CONVERSION = YES;
				CLANG_WARN_INT_CONVERSION = YES;
				CLANG_WARN_OBJC_ROOT_CLASS = YES_ERROR;
				CLANG_WARN_UNREACHABLE_CODE = YES;
				CLANG_WARN__DUPLICATE_METHOD_MATCH = YES;
				"CODE_SIGN_IDENTITY[sdk=iphoneos*]" = "iPhone Developer";
				COPY_PHASE_STRIP = YES;
				ENABLE_NS_ASSERTIONS = NO;
				ENABLE_STRICT_OBJC_MSGSEND = YES;
				GCC_C_LANGUAGE_STANDARD = gnu99;
				GCC_WARN_64_TO_32_BIT_CONVERSION = YES;
				GCC_WARN_ABOUT_RETURN_TYPE = YES_ERROR;
				GCC_WARN_UNDECLARED_SELECTOR = YES;
				GCC_WARN_UNINITIALIZED_AUTOS = YES_AGGRESSIVE;
				GCC_WARN_UNUSED_FUNCTION = YES;
				GCC_WARN_UNUSED_VARIABLE = YES;
				IPHONEOS_DEPLOYMENT_TARGET = 8.0;
				MTL_ENABLE_DEBUG_INFO = NO;
				SDKROOT = iphoneos;
				TARGETED_DEVICE_FAMILY = "1,2";
				VALIDATE_PRODUCT = YES;
			};
			name = Release;
		};
		0D55840219B426CA001AF800 /* Debug */ = {
			isa = XCBuildConfiguration;
			baseConfigurationReference = 69E2BD15657948809908DAE4 /* Pods-CircleShop.xcconfig */;
			buildSettings = {
				ASSETCATALOG_COMPILER_APPICON_NAME = AppIcon;
				ASSETCATALOG_COMPILER_LAUNCHIMAGE_NAME = LaunchImage;
				INFOPLIST_FILE = CircleShop/Info.plist;
				LD_RUNPATH_SEARCH_PATHS = "$(inherited) @executable_path/Frameworks";
				PRODUCT_NAME = "$(TARGET_NAME)";
				SWIFT_OBJC_BRIDGING_HEADER = "CircleShop/CircleShop-Bridging-Header.h";
			};
			name = Debug;
		};
		0D55840319B426CA001AF800 /* Release */ = {
			isa = XCBuildConfiguration;
			baseConfigurationReference = 69E2BD15657948809908DAE4 /* Pods-CircleShop.xcconfig */;
			buildSettings = {
				ASSETCATALOG_COMPILER_APPICON_NAME = AppIcon;
				ASSETCATALOG_COMPILER_LAUNCHIMAGE_NAME = LaunchImage;
				INFOPLIST_FILE = CircleShop/Info.plist;
				LD_RUNPATH_SEARCH_PATHS = "$(inherited) @executable_path/Frameworks";
				PRODUCT_NAME = "$(TARGET_NAME)";
				SWIFT_OBJC_BRIDGING_HEADER = "CircleShop/CircleShop-Bridging-Header.h";
			};
			name = Release;
		};
		0D55840519B426CA001AF800 /* Debug */ = {
			isa = XCBuildConfiguration;
			buildSettings = {
				BUNDLE_LOADER = "$(TEST_HOST)";
				FRAMEWORK_SEARCH_PATHS = (
					"$(SDKROOT)/Developer/Library/Frameworks",
					"$(inherited)",
				);
				GCC_PREPROCESSOR_DEFINITIONS = (
					"DEBUG=1",
					"$(inherited)",
				);
				INFOPLIST_FILE = CircleShopTests/Info.plist;
				LD_RUNPATH_SEARCH_PATHS = "$(inherited) @executable_path/Frameworks @loader_path/Frameworks";
				PRODUCT_NAME = "$(TARGET_NAME)";
				TEST_HOST = "$(BUILT_PRODUCTS_DIR)/CircleShop.app/CircleShop";
			};
			name = Debug;
		};
		0D55840619B426CA001AF800 /* Release */ = {
			isa = XCBuildConfiguration;
			buildSettings = {
				BUNDLE_LOADER = "$(TEST_HOST)";
				FRAMEWORK_SEARCH_PATHS = (
					"$(SDKROOT)/Developer/Library/Frameworks",
					"$(inherited)",
				);
				INFOPLIST_FILE = CircleShopTests/Info.plist;
				LD_RUNPATH_SEARCH_PATHS = "$(inherited) @executable_path/Frameworks @loader_path/Frameworks";
				PRODUCT_NAME = "$(TARGET_NAME)";
				TEST_HOST = "$(BUILT_PRODUCTS_DIR)/CircleShop.app/CircleShop";
			};
			name = Release;
		};
/* End XCBuildConfiguration section */

/* Begin XCConfigurationList section */
		0D5583DE19B426CA001AF800 /* Build configuration list for PBXProject "CircleShop" */ = {
			isa = XCConfigurationList;
			buildConfigurations = (
				0D5583FF19B426CA001AF800 /* Debug */,
				0D55840019B426CA001AF800 /* Release */,
			);
			defaultConfigurationIsVisible = 0;
			defaultConfigurationName = Release;
		};
		0D55840119B426CA001AF800 /* Build configuration list for PBXNativeTarget "CircleShop" */ = {
			isa = XCConfigurationList;
			buildConfigurations = (
				0D55840219B426CA001AF800 /* Debug */,
				0D55840319B426CA001AF800 /* Release */,
			);
			defaultConfigurationIsVisible = 0;
			defaultConfigurationName = Release;
		};
		0D55840419B426CA001AF800 /* Build configuration list for PBXNativeTarget "CircleShopTests" */ = {
			isa = XCConfigurationList;
			buildConfigurations = (
				0D55840519B426CA001AF800 /* Debug */,
				0D55840619B426CA001AF800 /* Release */,
			);
			defaultConfigurationIsVisible = 0;
			defaultConfigurationName = Release;
		};
/* End XCConfigurationList section */
	};
	rootObject = 0D5583DB19B426C9001AF800 /* Project object */;
}
